{
	"name": "qinscaffold",
	"version": "0.1.1",
	"lockfileVersion": 2,
	"requires": true,
	"packages": {
		"": {
			"name": "qinscaffold",
			"version": "0.1.1",
			"license": "LGPL-3.0-only",
			"dependencies": {
				"qinpel-cps": "file:../qinpel-cps",
				"qinpel-res": "file:../qinpel-res"
			}
		},
		"../qinpel-cps": {
			"version": "0.1.1",
			"license": "LGPL-3.0-only",
			"dependencies": {
				"qinpel-res": "file:../qinpel-res"
			},
			"devDependencies": {
				"qinpel-app": "file:../qinpel-app"
			}
		},
		"../qinpel-res": {
			"version": "0.1.1",
			"license": "LGPL-3.0-only"
		},
		"node_modules/qinpel-cps": {
			"resolved": "../qinpel-cps",
			"link": true
		},
		"node_modules/qinpel-res": {
			"resolved": "../qinpel-res",
			"link": true
		}
	},
	"dependencies": {
		"qinpel-cps": {
			"version": "file:../qinpel-cps",
			"requires": {
				"qinpel-app": "file:../qinpel-app",
				"qinpel-res": "file:../qinpel-res"
			}
		},
		"qinpel-res": {
			"version": "file:../qinpel-res"
		}
	}
}
